Microsoft Visual Studio Solution File, Format Version 12.00
# Visual Studio Version 17
VisualStudioVersion = 17.0.31903.59
MinimumVisualStudioVersion = 10.0.40219.1
Project("{FAE04EC0-301F-11D3-BF4B-00C04F79EFBC}") = "PruebaTFT", "PruebaTFT\PruebaTFT.csproj", "{57DAA611-3DD2-4A5D-8DD2-1204EC445488}"
EndProject
Global
	GlobalSection(SolutionConfigurationPlatforms) = preSolution
		Debug|Any CPU = Debug|Any CPU
		Release|Any CPU = Release|Any CPU
	EndGlobalSection
	GlobalSection(ProjectConfigurationPlatforms) = postSolution
		{57DAA611-3DD2-4A5D-8DD2-1204EC445488}.Debug|Any CPU.ActiveCfg = Debug|Any CPU
		{57DAA611-3DD2-4A5D-8DD2-1204EC445488}.Debug|Any CPU.Build.0 = Debug|Any CPU
		{57DAA611-3DD2-4A5D-8DD2-1204EC445488}.Release|Any CPU.ActiveCfg = Release|Any CPU
		{57DAA611-3DD2-4A5D-8DD2-1204EC445488}.Release|Any CPU.Build.0 = Release|Any CPU
	EndGlobalSection
	GlobalSection(SolutionProperties) = preSolution
		HideSolutionNode = FALSE
	EndGlobalSection
	GlobalSection(ExtensibilityGlobals) = postSolution
		SolutionGuid = {90280B43-BF2F-4603-89B8-4BC628E3CD07}
	EndGlobalSection
EndGlobal
